// !$*UTF8*$!
{
	archiveVersion = 1;
	classes = {
	};
	objectVersion = 46;
	objects = {

/* Begin PBXBuildFile section */
		7C8FBC5F1CF8C90900E59EDB /* AppDelegate.swift in Sources */ = {isa = PBXBuildFile; fileRef = 7C8FBC5E1CF8C90900E59EDB /* AppDelegate.swift */; };
		7C8FBC611CF8C90900E59EDB /* ViewController.swift in Sources */ = {isa = PBXBuildFile; fileRef = 7C8FBC601CF8C90900E59EDB /* ViewController.swift */; };
		7C8FBC641CF8C90900E59EDB /* Main.storyboard in Resources */ = {isa = PBXBuildFile; fileRef = 7C8FBC621CF8C90900E59EDB /* Main.storyboard */; };
		7C8FBC661CF8C90900E59EDB /* Assets.xcassets in Resources */ = {isa = PBXBuildFile; fileRef = 7C8FBC651CF8C90900E59EDB /* Assets.xcassets */; };
		7C8FBC691CF8C90900E59EDB /* LaunchScreen.storyboard in Resources */ = {isa = PBXBuildFile; fileRef = 7C8FBC671CF8C90900E59EDB /* LaunchScreen.storyboard */; };
		7C8FBC711CF8CAFE00E59EDB /* NavControllerDelegate.swift in Sources */ = {isa = PBXBuildFile; fileRef = 7C8FBC701CF8CAFE00E59EDB /* NavControllerDelegate.swift */; };
		7C8FBC731CF8CBC600E59EDB /* VertTransAnimator.swift in Sources */ = {isa = PBXBuildFile; fileRef = 7C8FBC721CF8CBC600E59EDB /* VertTransAnimator.swift */; };
/* End PBXBuildFile section */

/* Begin PBXFileReference section */
		7C8FBC5B1CF8C90900E59EDB /* SWCustomNavTransition.app */ = {isa = PBXFileReference; explicitFileType = wrapper.application; includeInIndex = 0; path = SWCustomNavTransition.app; sourceTree = BUILT_PRODUCTS_DIR; };
		7C8FBC5E1CF8C90900E59EDB /* AppDelegate.swift */ = {isa = PBXFileReference; lastKnownFileType = sourcecode.swift; lineEnding = 0; path = AppDelegate.swift; sourceTree = "<group>"; xcLanguageSpecificationIdentifier = xcode.lang.swift; };
		7C8FBC601CF8C90900E59EDB /* ViewController.swift */ = {isa = PBXFileReference; lastKnownFileType = sourcecode.swift; lineEnding = 0; path = ViewController.swift; sourceTree = "<group>"; xcLanguageSpecificationIdentifier = xcode.lang.swift; };
		7C8FBC631CF8C90900E59EDB /* Base */ = {isa = PBXFileReference; lastKnownFileType = file.storyboard; name = Base; path = Base.lproj/Main.storyboard; sourceTree = "<group>"; };
		7C8FBC651CF8C90900E59EDB /* Assets.xcassets */ = {isa = PBXFileReference; lastKnownFileType = folder.assetcatalog; path = Assets.xcassets; sourceTree = "<group>"; };
		7C8FBC681CF8C90900E59EDB /* Base */ = {isa = PBXFileReference; lastKnownFileType = file.storyboard; name = Base; path = Base.lproj/LaunchScreen.storyboard; sourceTree = "<group>"; };
		7C8FBC6A1CF8C90900E59EDB /* Info.plist */ = {isa = PBXFileReference; lastKnownFileType = text.plist.xml; path = Info.plist; sourceTree = "<group>"; };
		7C8FBC701CF8CAFE00E59EDB /* NavControllerDelegate.swift */ = {isa = PBXFileReference; fileEncoding = 4; lastKnownFileType = sourcecode.swift; lineEnding = 0; path = NavControllerDelegate.swift; sourceTree = "<group>"; xcLanguageSpecificationIdentifier = xcode.lang.swift; };
		7C8FBC721CF8CBC600E59EDB /* VertTransAnimator.swift */ = {isa = PBXFileReference; fileEncoding = 4; lastKnownFileType = sourcecode.swift; lineEnding = 0; path = VertTransAnimator.swift; sourceTree = "<group>"; xcLanguageSpecificationIdentifier = xcode.lang.swift; };
/* End PBXFileReference section */

/* Begin PBXFrameworksBuildPhase section */
		7C8FBC581CF8C90900E59EDB /* Frameworks */ = {
			isa = PBXFrameworksBuildPhase;
			buildActionMask = 2147483647;
			files = (
			);
			runOnlyForDeploymentPostprocessing = 0;
		};
/* End PBXFrameworksBuildPhase section */

/* Begin PBXGroup section */
		7C8FBC521CF8C90900E59EDB = {
			isa = PBXGroup;
			children = (
				7C8FBC5D1CF8C90900E59EDB /* SWCustomNavTransition */,
				7C8FBC5C1CF8C90900E59EDB /* Products */,
			);
			sourceTree = "<group>";
		};
		7C8FBC5C1CF8C90900E59EDB /* Products */ = {
			isa = PBXGroup;
			children = (
				7C8FBC5B1CF8C90900E59EDB /* SWCustomNavTransition.app */,
			);
			name = Products;
			sourceTree = "<group>";
		};
		7C8FBC5D1CF8C90900E59EDB /* SWCustomNavTransition */ = {
			isa = PBXGroup;
			children = (
				7C8FBC5E1CF8C90900E59EDB /* AppDelegate.swift */,
				7C8FBC601CF8C90900E59EDB /* ViewController.swift */,
				7C8FBC621CF8C90900E59EDB /* Main.storyboard */,
				7C8FBC651CF8C90900E59EDB /* Assets.xcassets */,
				7C8FBC671CF8C90900E59EDB /* LaunchScreen.storyboard */,
				7C8FBC6A1CF8C90900E59EDB /* Info.plist */,
				7C8FBC701CF8CAFE00E59EDB /* NavControllerDelegate.swift */,
				7C8FBC721CF8CBC600E59EDB /* VertTransAnimator.swift */,
			);
			path = SWCustomNavTransition;
			sourceTree = "<group>";
		};
/* End PBXGroup section */

/* Begin PBXNativeTarget section */
		7C8FBC5A1CF8C90900E59EDB /* SWCustomNavTransition */ = {
			isa = PBXNativeTarget;
			buildConfigurationList = 7C8FBC6D1CF8C90900E59EDB /* Build configuration list for PBXNativeTarget "SWCustomNavTransition" */;
			buildPhases = (
				7C8FBC571CF8C90900E59EDB /* Sources */,
				7C8FBC581CF8C90900E59EDB /* Frameworks */,
				7C8FBC591CF8C90900E59EDB /* Resources */,
			);
			buildRules = (
			);
			dependencies = (
			);
			name = SWCustomNavTransition;
			productName = SWCustomNavTransition;
			productReference = 7C8FBC5B1CF8C90900E59EDB /* SWCustomNavTransition.app */;
			productType = "com.apple.product-type.application";
		};
/* End PBXNativeTarget section */

/* Begin PBXProject section */
		7C8FBC531CF8C90900E59EDB /* Project object */ = {
			isa = PBXProject;
			attributes = {
				LastSwiftUpdateCheck = 0720;
				LastUpgradeCheck = 0720;
				ORGANIZATIONNAME = ACP;
				TargetAttributes = {
					7C8FBC5A1CF8C90900E59EDB = {
						CreatedOnToolsVersion = 7.2;
						LastSwiftMigration = 0820;
					};
				};
			};
			buildConfigurationList = 7C8FBC561CF8C90900E59EDB /* Build configuration list for PBXProject "SWCustomNavTransition" */;
			compatibilityVersion = "Xcode 3.2";
			developmentRegion = English;
			hasScannedForEncodings = 0;
			knownRegions = (
				en,
				Base,
			);
			mainGroup = 7C8FBC521CF8C90900E59EDB;
			productRefGroup = 7C8FBC5C1CF8C90900E59EDB /* Products */;
			projectDirPath = "";
			projectRoot = "";
			targets = (
				7C8FBC5A1CF8C90900E59EDB /* SWCustomNavTransition */,
			);
		};
/* End PBXProject section */

/* Begin PBXResourcesBuildPhase section */
		7C8FBC591CF8C90900E59EDB /* Resources */ = {
			isa = PBXResourcesBuildPhase;
			buildActionMask = 2147483647;
			files = (
				7C8FBC691CF8C90900E59EDB /* LaunchScreen.storyboard in Resources */,
				7C8FBC661CF8C90900E59EDB /* Assets.xcassets in Resources */,
				7C8FBC641CF8C90900E59EDB /* Main.storyboard in Resources */,
			);
			runOnlyForDeploymentPostprocessing = 0;
		};
/* End PBXResourcesBuildPhase section */

/* Begin PBXSourcesBuildPhase section */
		7C8FBC571CF8C90900E59EDB /* Sources */ = {
			isa = PBXSourcesBuildPhase;
			buildActionMask = 2147483647;
			files = (
				7C8FBC711CF8CAFE00E59EDB /* NavControllerDelegate.swift in Sources */,
				7C8FBC611CF8C90900E59EDB /* ViewController.swift in Sources */,
				7C8FBC731CF8CBC600E59EDB /* VertTransAnimator.swift in Sources */,
				7C8FBC5F1CF8C90900E59EDB /* AppDelegate.swift in Sources */,
			);
			runOnlyForDeploymentPostprocessing = 0;
		};
/* End PBXSourcesBuildPhase section */

/* Begin PBXVariantGroup section */
		7C8FBC621CF8C90900E59EDB /* Main.storyboard */ = {
			isa = PBXVariantGroup;
			children = (
				7C8FBC631CF8C90900E59EDB /* Base */,
			);
			name = Main.storyboard;
			sourceTree = "<group>";
		};
		7C8FBC671CF8C90900E59EDB /* LaunchScreen.storyboard */ = {
			isa = PBXVariantGroup;
			children = (
				7C8FBC681CF8C90900E59EDB /* Base */,
			);
			name = LaunchScreen.storyboard;
			sourceTree = "<group>";
		};
/* End PBXVariantGroup section */

/* Begin XCBuildConfiguration section */
		7C8FBC6B1CF8C90900E59EDB /* Debug */ = {
			isa = XCBuildConfiguration;
			buildSettings = {
				ALWAYS_SEARCH_USER_PATHS = NO;
				CLANG_CXX_LANGUAGE_STANDARD = "gnu++0x";
				CLANG_CXX_LIBRARY = "libc++";
				CLANG_ENABLE_MODULES = YES;
				CLANG_ENABLE_OBJC_ARC = YES;
				CLANG_WARN_BOOL_CONVERSION = YES;
				CLANG_WARN_CONSTANT_CONVERSION = YES;
				CLANG_WARN_DIRECT_OBJC_ISA_USAGE = YES_ERROR;
				CLANG_WARN_EMPTY_BODY = YES;
				CLANG_WARN_ENUM_CONVERSION = YES;
				CLANG_WARN_INT_CONVERSION = YES;
				CLANG_WARN_OBJC_ROOT_CLASS = YES_ERROR;
				CLANG_WARN_UNREACHABLE_CODE = YES;
				CLANG_WARN__DUPLICATE_METHOD_MATCH = YES;
				"CODE_SIGN_IDENTITY[sdk=iphoneos*]" = "iPhone Developer";
				COPY_PHASE_STRIP = NO;
				DEBUG_INFORMATION_FORMAT = dwarf;
				ENABLE_STRICT_OBJC_MSGSEND = YES;
				ENABLE_TESTABILITY = YES;
				GCC_C_LANGUAGE_STANDARD = gnu99;
				GCC_DYNAMIC_NO_PIC = NO;
				GCC_NO_COMMON_BLOCKS = YES;
				GCC_OPTIMIZATION_LEVEL = 0;
				GCC_PREPROCESSOR_DEFINITIONS = (
					"DEBUG=1",
					"$(inherited)",
				);
				GCC_WARN_64_TO_32_BIT_CONVERSION = YES;
				GCC_WARN_ABOUT_RETURN_TYPE = YES_ERROR;
				GCC_WARN_UNDECLARED_SELECTOR = YES;
				GCC_WARN_UNINITIALIZED_AUTOS = YES_AGGRESSIVE;
				GCC_WARN_UNUSED_FUNCTION = YES;
				GCC_WARN_UNUSED_VARIABLE = YES;
				IPHONEOS_DEPLOYMENT_TARGET = 9.2;
				MTL_ENABLE_DEBUG_INFO = YES;
				ONLY_ACTIVE_ARCH = YES;
				SDKROOT = iphoneos;
				SWIFT_OPTIMIZATION_LEVEL = "-Onone";
				TARGETED_DEVICE_FAMILY = "1,2";
			};
			name = Debug;
		};
		7C8FBC6C1CF8C90900E59EDB /* Release */ = {
			isa = XCBuildConfiguration;
			buildSettings = {
				ALWAYS_SEARCH_USER_PATHS = NO;
				CLANG_CXX_LANGUAGE_STANDARD = "gnu++0x";
				CLANG_CXX_LIBRARY = "libc++";
				CLANG_ENABLE_MODULES = YES;
				CLANG_ENABLE_OBJC_ARC = YES;
				CLANG_WARN_BOOL_CONVERSION = YES;
				CLANG_WARN_CONSTANT_CONVERSION = YES;
				CLANG_WARN_DIRECT_OBJC_ISA_USAGE = YES_ERROR;
				CLANG_WARN_EMPTY_BODY = YES;
				CLANG_WARN_ENUM_CONVERSION = YES;
				CLANG_WARN_INT_CONVERSION = YES;
				CLANG_WARN_OBJC_ROOT_CLASS = YES_ERROR;
				CLANG_WARN_UNREACHABLE_CODE = YES;
				CLANG_WARN__DUPLICATE_METHOD_MATCH = YES;
				"CODE_SIGN_IDENTITY[sdk=iphoneos*]" = "iPhone Developer";
				COPY_PHASE_STRIP = NO;
				DEBUG_INFORMATION_FORMAT = "dwarf-with-dsym";
				ENABLE_NS_ASSERTIONS = NO;
				ENABLE_STRICT_OBJC_MSGSEND = YES;
				GCC_C_LANGUAGE_STANDARD = gnu99;
				GCC_NO_COMMON_BLOCKS = YES;
				GCC_WARN_64_TO_32_BIT_CONVERSION = YES;
				GCC_WARN_ABOUT_RETURN_TYPE = YES_ERROR;
				GCC_WARN_UNDECLARED_SELECTOR = YES;
				GCC_WARN_UNINITIALIZED_AUTOS = YES_AGGRESSIVE;
				GCC_WARN_UNUSED_FUNCTION = YES;
				GCC_WARN_UNUSED_VARIABLE = YES;
				IPHONEOS_DEPLOYMENT_TARGET = 9.2;
				MTL_ENABLE_DEBUG_INFO = NO;
				SDKROOT = iphoneos;
				TARGETED_DEVICE_FAMILY = "1,2";
				VALIDATE_PRODUCT = YES;
			};
			name = Release;
		};
		7C8FBC6E1CF8C90900E59EDB /* Debug */ = {
			isa = XCBuildConfiguration;
			buildSettings = {
				ASSETCATALOG_COMPILER_APPICON_NAME = AppIcon;
				INFOPLIST_FILE = SWCustomNavTransition/Info.plist;
				LD_RUNPATH_SEARCH_PATHS = "$(inherited) @executable_path/Frameworks";
				PRODUCT_BUNDLE_IDENTIFIER = com.donmag.SWCustomNavTransition;
				PRODUCT_NAME = "$(TARGET_NAME)";
				SWIFT_VERSION = 3.0;
			};
			name = Debug;
		};
		7C8FBC6F1CF8C90900E59EDB /* Release */ = {
			isa = XCBuildConfiguration;
			buildSettings = {
				ASSETCATALOG_COMPILER_APPICON_NAME = AppIcon;
				INFOPLIST_FILE = SWCustomNavTransition/Info.plist;
				LD_RUNPATH_SEARCH_PATHS = "$(inherited) @executable_path/Frameworks";
				PRODUCT_BUNDLE_IDENTIFIER = com.donmag.SWCustomNavTransition;
				PRODUCT_NAME = "$(TARGET_NAME)";
				SWIFT_VERSION = 3.0;
			};
			name = Release;
		};
/* End XCBuildConfiguration section */

/* Begin XCConfigurationList section */
		7C8FBC561CF8C90900E59EDB /* Build configuration list for PBXProject "SWCustomNavTransition" */ = {
			isa = XCConfigurationList;
			buildConfigurations = (
				7C8FBC6B1CF8C90900E59EDB /* Debug */,
				7C8FBC6C1CF8C90900E59EDB /* Release */,
			);
			defaultConfigurationIsVisible = 0;
			defaultConfigurationName = Release;
		};
		7C8FBC6D1CF8C90900E59EDB /* Build configuration list for PBXNativeTarget "SWCustomNavTransition" */ = {
			isa = XCConfigurationList;
			buildConfigurations = (
				7C8FBC6E1CF8C90900E59EDB /* Debug */,
				7C8FBC6F1CF8C90900E59EDB /* Release */,
			);
			defaultConfigurationIsVisible = 0;
			defaultConfigurationName = Release;
		};
/* End XCConfigurationList section */
	};
	rootObject = 7C8FBC531CF8C90900E59EDB /* Project object */;
}
